
Microsoft Visual Studio Solution File, Format Version 12.00
# Visual Studio Version 17
VisualStudioVersion = 17.4.33213.308
MinimumVisualStudioVersion = 10.0.40219.1
Project("{9A19103F-16F7-4668-BE54-9A1E7A4F7556}") = "Project1_DoWhile", "Project1_DoWhile\Project1_DoWhile.csproj", "{10DB0E05-D741-417C-8033-CE8C261FCC49}"
EndProject
Project("{FAE04EC0-301F-11D3-BF4B-00C04F79EFBC}") = "Project2_For", "Project2_For\Project2_For.csproj", "{1B68A226-76AD-48E7-BC52-F7F203ED076D}"
EndProject
Project("{FAE04EC0-301F-11D3-BF4B-00C04F79EFBC}") = "Project3_Foreach", "Project3_Foreach\Project3_Foreach.csproj", "{785A95E8-445A-4D34-8FEE-D8549BB4060C}"
EndProject
Project("{FAE04EC0-301F-11D3-BF4B-00C04F79EFBC}") = "Project4_Methods", "Project4_Methods\Project4_Methods.csproj", "{166F1C3A-CA50-4D52-8ABE-A29F00CEEB8E}"
EndProject
Project("{FAE04EC0-301F-11D3-BF4B-00C04F79EFBC}") = "Project5_Void", "Project5_Void\Project5_Void.csproj", "{257B6EFA-A273-4321-9CBF-8961CB2DD408}"
EndProject
Project("{FAE04EC0-301F-11D3-BF4B-00C04F79EFBC}") = "Project6_EuclideanAlgorithm", "Euclidean Algorithm\Project6_EuclideanAlgorithm.csproj", "{3544AFF3-DA2C-4437-B97F-00AA0269E605}"
EndProject
Global
	GlobalSection(SolutionConfigurationPlatforms) = preSolution
		Debug|Any CPU = Debug|Any CPU
		Release|Any CPU = Release|Any CPU
	EndGlobalSection
	GlobalSection(ProjectConfigurationPlatforms) = postSolution
		{10DB0E05-D741-417C-8033-CE8C261FCC49}.Debug|Any CPU.ActiveCfg = Debug|Any CPU
		{10DB0E05-D741-417C-8033-CE8C261FCC49}.Debug|Any CPU.Build.0 = Debug|Any CPU
		{10DB0E05-D741-417C-8033-CE8C261FCC49}.Release|Any CPU.ActiveCfg = Release|Any CPU
		{10DB0E05-D741-417C-8033-CE8C261FCC49}.Release|Any CPU.Build.0 = Release|Any CPU
		{1B68A226-76AD-48E7-BC52-F7F203ED076D}.Debug|Any CPU.ActiveCfg = Debug|Any CPU
		{1B68A226-76AD-48E7-BC52-F7F203ED076D}.Debug|Any CPU.Build.0 = Debug|Any CPU
		{1B68A226-76AD-48E7-BC52-F7F203ED076D}.Release|Any CPU.ActiveCfg = Release|Any CPU
		{1B68A226-76AD-48E7-BC52-F7F203ED076D}.Release|Any CPU.Build.0 = Release|Any CPU
		{785A95E8-445A-4D34-8FEE-D8549BB4060C}.Debug|Any CPU.ActiveCfg = Debug|Any CPU
		{785A95E8-445A-4D34-8FEE-D8549BB4060C}.Debug|Any CPU.Build.0 = Debug|Any CPU
		{785A95E8-445A-4D34-8FEE-D8549BB4060C}.Release|Any CPU.ActiveCfg = Release|Any CPU
		{785A95E8-445A-4D34-8FEE-D8549BB4060C}.Release|Any CPU.Build.0 = Release|Any CPU
		{166F1C3A-CA50-4D52-8ABE-A29F00CEEB8E}.Debug|Any CPU.ActiveCfg = Debug|Any CPU
		{166F1C3A-CA50-4D52-8ABE-A29F00CEEB8E}.Debug|Any CPU.Build.0 = Debug|Any CPU
		{166F1C3A-CA50-4D52-8ABE-A29F00CEEB8E}.Release|Any CPU.ActiveCfg = Release|Any CPU
		{166F1C3A-CA50-4D52-8ABE-A29F00CEEB8E}.Release|Any CPU.Build.0 = Release|Any CPU
		{257B6EFA-A273-4321-9CBF-8961CB2DD408}.Debug|Any CPU.ActiveCfg = Debug|Any CPU
		{257B6EFA-A273-4321-9CBF-8961CB2DD408}.Debug|Any CPU.Build.0 = Debug|Any CPU
		{257B6EFA-A273-4321-9CBF-8961CB2DD408}.Release|Any CPU.ActiveCfg = Release|Any CPU
		{257B6EFA-A273-4321-9CBF-8961CB2DD408}.Release|Any CPU.Build.0 = Release|Any CPU
		{3544AFF3-DA2C-4437-B97F-00AA0269E605}.Debug|Any CPU.ActiveCfg = Debug|Any CPU
		{3544AFF3-DA2C-4437-B97F-00AA0269E605}.Debug|Any CPU.Build.0 = Debug|Any CPU
		{3544AFF3-DA2C-4437-B97F-00AA0269E605}.Release|Any CPU.ActiveCfg = Release|Any CPU
		{3544AFF3-DA2C-4437-B97F-00AA0269E605}.Release|Any CPU.Build.0 = Release|Any CPU
	EndGlobalSection
	GlobalSection(SolutionProperties) = preSolution
		HideSolutionNode = FALSE
	EndGlobalSection
	GlobalSection(ExtensibilityGlobals) = postSolution
		SolutionGuid = {DE704F40-4D4D-43A0-8FC9-D2B1C01AC3FD}
	EndGlobalSection
EndGlobal
